{
  "_fixture_intent": "A synthetic package-lock.json shape with real-looking hex shasums and base64 sha512 integrity strings, both high-entropy by construction, to document current scanner behavior on lockfile noise rather than assume it is (or isn't) filtered.",
  "name": "demo-app",
  "version": "1.0.0",
  "dependencies": {
    "left-pad": {
      "version": "1.3.0",
      "resolved": "https://registry.npmjs.org/left-pad/-/left-pad-1.3.0.tgz",
      "shasum": "5b8a3a7765dfe003645c69be026fd7a1de5b4959",
      "integrity": "sha512-XI5MPzVNApZOAeMWKPYFcVYef+cP1eR9V9BhIOd4YCUZzLuVe4C+HGA1hktzWZUwmxRqk8QqPqNsPn5rIhSVOA=="
    }
  }
}
